
Microsoft Visual Studio Solution File, Format Version 12.00
# Blend for Visual Studio Version 16
VisualStudioVersion = 16.0.29905.134
MinimumVisualStudioVersion = 10.0.40219.1
Project("{FAE04EC0-301F-11D3-BF4B-00C04F79EFBC}") = "XAML-Blend-for-Visual-Studio", "XAML-Blend-for-Visual-Studio\XAML-Blend-for-Visual-Studio.csproj", "{8DD0283A-01D8-4EB0-844B-277508174889}"
EndProject
Global
	GlobalSection(SolutionConfigurationPlatforms) = preSolution
		Debug|Any CPU = Debug|Any CPU
		Release|Any CPU = Release|Any CPU
	EndGlobalSection
	GlobalSection(ProjectConfigurationPlatforms) = postSolution
		{8DD0283A-01D8-4EB0-844B-277508174889}.Debug|Any CPU.ActiveCfg = Debug|Any CPU
		{8DD0283A-01D8-4EB0-844B-277508174889}.Debug|Any CPU.Build.0 = Debug|Any CPU
		{8DD0283A-01D8-4EB0-844B-277508174889}.Release|Any CPU.ActiveCfg = Release|Any CPU
		{8DD0283A-01D8-4EB0-844B-277508174889}.Release|Any CPU.Build.0 = Release|Any CPU
	EndGlobalSection
	GlobalSection(SolutionProperties) = preSolution
		HideSolutionNode = FALSE
	EndGlobalSection
	GlobalSection(ExtensibilityGlobals) = postSolution
		SolutionGuid = {689B29E2-EA29-41AA-BD76-6948A75F030F}
	EndGlobalSection
EndGlobal
